
Microsoft Visual Studio Solution File, Format Version 12.00
# Visual Studio 15
VisualStudioVersion = 15.0.28307.1082
MinimumVisualStudioVersion = 10.0.40219.1
Project("{FAE04EC0-301F-11D3-BF4B-00C04F79EFBC}") = "LojaWebMVC", "LojaWebMVC\LojaWebMVC.csproj", "{5B3EA5DC-4464-4BCF-9EAD-CD780AA313A2}"
EndProject
Global
	GlobalSection(SolutionConfigurationPlatforms) = preSolution
		Debug|Any CPU = Debug|Any CPU
		Release|Any CPU = Release|Any CPU
	EndGlobalSection
	GlobalSection(ProjectConfigurationPlatforms) = postSolution
		{5B3EA5DC-4464-4BCF-9EAD-CD780AA313A2}.Debug|Any CPU.ActiveCfg = Debug|Any CPU
		{5B3EA5DC-4464-4BCF-9EAD-CD780AA313A2}.Debug|Any CPU.Build.0 = Debug|Any CPU
		{5B3EA5DC-4464-4BCF-9EAD-CD780AA313A2}.Release|Any CPU.ActiveCfg = Release|Any CPU
		{5B3EA5DC-4464-4BCF-9EAD-CD780AA313A2}.Release|Any CPU.Build.0 = Release|Any CPU
	EndGlobalSection
	GlobalSection(SolutionProperties) = preSolution
		HideSolutionNode = FALSE
	EndGlobalSection
	GlobalSection(ExtensibilityGlobals) = postSolution
		SolutionGuid = {0D03C4B1-ED0E-48AF-984F-35B77FD2FBB5}
	EndGlobalSection
EndGlobal
